{
  "version": 4,
  "terraform_version": "0.14.5",
  "serial": 165,
  "lineage": "f1271463-8253-74d8-3bc3-2f45728cc46f",
  "outputs": {
    "ip": {
      "value": "",
      "type": "string"
    }
  },
  "resources": [
    {
      "mode": "data",
      "type": "aws_ip_ranges",
      "name": "global",
      "provider": "provider[\"registry.terraform.io/hashicorp/aws\"]",
      "instances": [
        {
          "schema_version": 0,
          "attributes": {
            "cidr_blocks": [
              "15.177.0.0/18"
            ],
            "create_date": "2021-02-06-07-14-12",
            "id": "1612595652",
            "ipv6_cidr_blocks": [],
            "regions": [
              "global"
            ],
            "services": [
              "ec2"
            ],
            "sync_token": 1612595652,
            "url": "https://ip-ranges.amazonaws.com/ip-ranges.json"
          },
          "sensitive_attributes": []
        }
      ]
    },
    {
      "mode": "managed",
      "type": "aws_eip",
      "name": "example-eip",
      "provider": "provider[\"registry.terraform.io/hashicorp/aws\"]",
      "instances": [
        {
          "schema_version": 0,
          "attributes": {
            "allocation_id": null,
            "associate_with_private_ip": null,
            "association_id": "eipassoc-0b1c4d74d02923777",
            "carrier_ip": "",
            "customer_owned_ip": "",
            "customer_owned_ipv4_pool": "",
            "domain": "vpc",
            "id": "eipalloc-000e87185117ac997",
            "instance": "i-0a66e4f9e805e10c1",
            "network_border_group": "ap-southeast-2",
            "network_interface": "eni-0db3ef4f3b66659ae",
            "private_dns": "ip-10-0-1-235.ap-southeast-2.compute.internal",
            "private_ip": "10.0.1.235",
            "public_dns": "ec2-52-65-18-64.ap-southeast-2.compute.amazonaws.com",
            "public_ip": "52.65.18.64",
            "public_ipv4_pool": "amazon",
            "tags": null,
            "timeouts": null,
            "vpc": true
          },
          "sensitive_attributes": [],
          "private": "eyJlMmJmYjczMC1lY2FhLTExZTYtOGY4OC0zNDM2M2JjN2M0YzAiOnsiZGVsZXRlIjoxODAwMDAwMDAwMDAsInJlYWQiOjkwMDAwMDAwMDAwMCwidXBkYXRlIjozMDAwMDAwMDAwMDB9fQ==",
          "dependencies": [
            "aws_instance.example",
            "aws_internet_gateway.gw",
            "aws_network_interface.example-nic",
            "aws_security_group.from-global",
            "aws_subnet.subnet01",
            "aws_vpc.main",
            "data.aws_ip_ranges.global"
          ]
        }
      ]
    },
    {
      "mode": "managed",
      "type": "aws_instance",
      "name": "example",
      "provider": "provider[\"registry.terraform.io/hashicorp/aws\"]",
      "instances": [
        {
          "schema_version": 1,
          "attributes": {
            "ami": "ami-001f589f40df782bd",
            "arn": "arn:aws:ec2:ap-southeast-2:939867119026:instance/i-0a66e4f9e805e10c1",
            "associate_public_ip_address": false,
            "availability_zone": "ap-southeast-2a",
            "cpu_core_count": 1,
            "cpu_threads_per_core": 1,
            "credit_specification": [
              {
                "cpu_credits": "standard"
              }
            ],
            "disable_api_termination": false,
            "ebs_block_device": [],
            "ebs_optimized": false,
            "enclave_options": [
              {
                "enabled": false
              }
            ],
            "ephemeral_block_device": [],
            "get_password_data": false,
            "hibernation": false,
            "host_id": null,
            "iam_instance_profile": "",
            "id": "i-0a66e4f9e805e10c1",
            "instance_initiated_shutdown_behavior": null,
            "instance_state": "running",
            "instance_type": "t2.micro",
            "ipv6_address_count": 0,
            "ipv6_addresses": [],
            "key_name": "key-machine01",
            "metadata_options": [
              {
                "http_endpoint": "enabled",
                "http_put_response_hop_limit": 1,
                "http_tokens": "optional"
              }
            ],
            "monitoring": false,
            "network_interface": [
              {
                "delete_on_termination": false,
                "device_index": 0,
                "network_interface_id": "eni-0db3ef4f3b66659ae"
              }
            ],
            "outpost_arn": "",
            "password_data": "",
            "placement_group": "",
            "primary_network_interface_id": "eni-0db3ef4f3b66659ae",
            "private_dns": "ip-10-0-1-235.ap-southeast-2.compute.internal",
            "private_ip": "10.0.1.235",
            "public_dns": "",
            "public_ip": "",
            "root_block_device": [
              {
                "delete_on_termination": true,
                "device_name": "/dev/sda1",
                "encrypted": false,
                "iops": 200,
                "kms_key_id": "",
                "tags": {},
                "throughput": 0,
                "volume_id": "vol-0a6bf19fba40797ac",
                "volume_size": 8,
                "volume_type": "io1"
              }
            ],
            "secondary_private_ips": [],
            "security_groups": [],
            "source_dest_check": true,
            "subnet_id": "subnet-0d0839054fa18d3ff",
            "tags": null,
            "tenancy": "default",
            "timeouts": null,
            "user_data": null,
            "user_data_base64": null,
            "volume_tags": null,
            "vpc_security_group_ids": [
              "sg-0341f79c41f9a9cdb"
            ]
          },
          "sensitive_attributes": [],
          "private": "eyJlMmJmYjczMC1lY2FhLTExZTYtOGY4OC0zNDM2M2JjN2M0YzAiOnsiY3JlYXRlIjo2MDAwMDAwMDAwMDAsImRlbGV0ZSI6MTIwMDAwMDAwMDAwMCwidXBkYXRlIjo2MDAwMDAwMDAwMDB9LCJzY2hlbWFfdmVyc2lvbiI6IjEifQ==",
          "dependencies": [
            "aws_network_interface.example-nic",
            "aws_security_group.from-global",
            "aws_subnet.subnet01",
            "aws_vpc.main",
            "data.aws_ip_ranges.global"
          ]
        }
      ]
    },
    {
      "mode": "managed",
      "type": "aws_internet_gateway",
      "name": "gw",
      "provider": "provider[\"registry.terraform.io/hashicorp/aws\"]",
      "instances": [
        {
          "schema_version": 0,
          "attributes": {
            "arn": "arn:aws:ec2:ap-southeast-2:939867119026:internet-gateway/igw-0ab458244cc8efa6f",
            "id": "igw-0ab458244cc8efa6f",
            "owner_id": "939867119026",
            "tags": {
              "Name": "main"
            },
            "vpc_id": "vpc-049c0f116d8c58982"
          },
          "sensitive_attributes": [],
          "private": "bnVsbA==",
          "dependencies": [
            "aws_vpc.main"
          ]
        }
      ]
    },
    {
      "mode": "managed",
      "type": "aws_key_pair",
      "name": "key-machine01",
      "provider": "provider[\"registry.terraform.io/hashicorp/aws\"]",
      "instances": [
        {
          "schema_version": 1,
          "attributes": {
            "arn": "arn:aws:ec2:ap-southeast-2:939867119026:key-pair/key-machine01",
            "fingerprint": "05:8c:1f:b2:89:a2:0d:fa:24:18:c8:91:af:61:6c:16",
            "id": "key-machine01",
            "key_name": "key-machine01",
            "key_name_prefix": null,
            "key_pair_id": "key-0c55ddf65287d75bd",
            "public_key": "ssh-rsa AAAAB3NzaC1yc2EAAAADAQABAAABgQC/ySPCV/x22LiznAstK3Q+13uPSG78BZ6filemhUErkOFDKK+oyHPwQOV5V5oClc3UdDSFeSHlKiuS8+BwNsORvU79sqX1n52y/JTMNKnKflpWl7wK8sEi353E/VyxPdMx3ZuGC/JpJQVa0hIBxDRagPuAqw3TyKZwdkqTNol+Mlcj2k5jaLXSvxct4O1Wd4BCZ4Cd6Me+NIPl3AX7ICuAjDu3g4aaDyUq2Hk+NLQQvCUylRT+Lf9Lqy/cWIlT3nZA0Pc235drxq80HjQAjhdRoyjj3bgThJReTA7cvPH3pE6T3kfdvJTqbJ2BdnDPV2a05iUHBnKco/P/ydtqXTaSn3gkbrRwUzqxzPsFIryvwIY7SsqPvy8yBD69JUyh6QjTOIYGG3rl5jtZGnphmVoLUMADWXnBjBP0R/CbZIEL3K6yhtlD1ddsV33lMINf+8B5q/Cb0Oosb2SrRy/ZdXrqoDdGrLqb4v0RP3c0UXoL7odv2a6gzyDckkthLXTffw8= yangz6@leos-MacBook-Pro.local",
            "tags": null
          },
          "sensitive_attributes": [],
          "private": "eyJzY2hlbWFfdmVyc2lvbiI6IjEifQ=="
        }
      ]
    },
    {
      "mode": "managed",
      "type": "aws_network_interface",
      "name": "example-nic",
      "provider": "provider[\"registry.terraform.io/hashicorp/aws\"]",
      "instances": [
        {
          "schema_version": 0,
          "attributes": {
            "attachment": [],
            "description": "",
            "id": "eni-0db3ef4f3b66659ae",
            "ipv6_address_count": 0,
            "ipv6_addresses": [],
            "mac_address": "06:89:62:d3:d8:5e",
            "outpost_arn": "",
            "private_dns_name": "ip-10-0-1-235.ap-southeast-2.compute.internal",
            "private_ip": "10.0.1.235",
            "private_ips": [
              "10.0.1.235"
            ],
            "private_ips_count": 0,
            "security_groups": [
              "sg-0341f79c41f9a9cdb"
            ],
            "source_dest_check": true,
            "subnet_id": "subnet-0d0839054fa18d3ff",
            "tags": {
              "Name": "example-nic"
            }
          },
          "sensitive_attributes": [],
          "private": "bnVsbA==",
          "dependencies": [
            "aws_security_group.from-global",
            "aws_subnet.subnet01",
            "aws_vpc.main",
            "data.aws_ip_ranges.global"
          ]
        }
      ]
    },
    {
      "mode": "managed",
      "type": "aws_security_group",
      "name": "from-global",
      "provider": "provider[\"registry.terraform.io/hashicorp/aws\"]",
      "instances": [
        {
          "schema_version": 1,
          "attributes": {
            "arn": "arn:aws:ec2:ap-southeast-2:939867119026:security-group/sg-0341f79c41f9a9cdb",
            "description": "Managed by Terraform",
            "egress": [],
            "id": "sg-0341f79c41f9a9cdb",
            "ingress": [
              {
                "cidr_blocks": [
                  "0.0.0.0/0"
                ],
                "description": "",
                "from_port": 0,
                "ipv6_cidr_blocks": [],
                "prefix_list_ids": [],
                "protocol": "tcp",
                "security_groups": [],
                "self": false,
                "to_port": 22
              },
              {
                "cidr_blocks": [
                  "15.177.0.0/18"
                ],
                "description": "",
                "from_port": 443,
                "ipv6_cidr_blocks": [],
                "prefix_list_ids": [],
                "protocol": "tcp",
                "security_groups": [],
                "self": false,
                "to_port": 443
              }
            ],
            "name": "global",
            "name_prefix": "",
            "owner_id": "939867119026",
            "revoke_rules_on_delete": false,
            "tags": {
              "CreateDate": "2021-02-06-07-14-12",
              "SyncToken": "1612595652"
            },
            "timeouts": null,
            "vpc_id": "vpc-049c0f116d8c58982"
          },
          "sensitive_attributes": [],
          "private": "eyJlMmJmYjczMC1lY2FhLTExZTYtOGY4OC0zNDM2M2JjN2M0YzAiOnsiY3JlYXRlIjo2MDAwMDAwMDAwMDAsImRlbGV0ZSI6NjAwMDAwMDAwMDAwfSwic2NoZW1hX3ZlcnNpb24iOiIxIn0=",
          "dependencies": [
            "aws_vpc.main",
            "data.aws_ip_ranges.global"
          ]
        }
      ]
    },
    {
      "mode": "managed",
      "type": "aws_subnet",
      "name": "subnet01",
      "provider": "provider[\"registry.terraform.io/hashicorp/aws\"]",
      "instances": [
        {
          "schema_version": 1,
          "attributes": {
            "arn": "arn:aws:ec2:ap-southeast-2:939867119026:subnet/subnet-0d0839054fa18d3ff",
            "assign_ipv6_address_on_creation": false,
            "availability_zone": "ap-southeast-2a",
            "availability_zone_id": "apse2-az3",
            "cidr_block": "10.0.1.0/24",
            "id": "subnet-0d0839054fa18d3ff",
            "ipv6_cidr_block": "",
            "ipv6_cidr_block_association_id": "",
            "map_public_ip_on_launch": false,
            "outpost_arn": "",
            "owner_id": "939867119026",
            "tags": {
              "Name": "subnet01"
            },
            "timeouts": null,
            "vpc_id": "vpc-049c0f116d8c58982"
          },
          "sensitive_attributes": [],
          "private": "eyJlMmJmYjczMC1lY2FhLTExZTYtOGY4OC0zNDM2M2JjN2M0YzAiOnsiY3JlYXRlIjo2MDAwMDAwMDAwMDAsImRlbGV0ZSI6MTIwMDAwMDAwMDAwMH0sInNjaGVtYV92ZXJzaW9uIjoiMSJ9",
          "dependencies": [
            "aws_vpc.main"
          ]
        }
      ]
    },
    {
      "mode": "managed",
      "type": "aws_subnet",
      "name": "subnet02",
      "provider": "provider[\"registry.terraform.io/hashicorp/aws\"]",
      "instances": [
        {
          "schema_version": 1,
          "attributes": {
            "arn": "arn:aws:ec2:ap-southeast-2:939867119026:subnet/subnet-00c6044552b82b07c",
            "assign_ipv6_address_on_creation": false,
            "availability_zone": "ap-southeast-2a",
            "availability_zone_id": "apse2-az3",
            "cidr_block": "10.0.2.0/24",
            "id": "subnet-00c6044552b82b07c",
            "ipv6_cidr_block": "",
            "ipv6_cidr_block_association_id": "",
            "map_public_ip_on_launch": false,
            "outpost_arn": "",
            "owner_id": "939867119026",
            "tags": {
              "Name": "subnet02"
            },
            "timeouts": null,
            "vpc_id": "vpc-049c0f116d8c58982"
          },
          "sensitive_attributes": [],
          "private": "eyJlMmJmYjczMC1lY2FhLTExZTYtOGY4OC0zNDM2M2JjN2M0YzAiOnsiY3JlYXRlIjo2MDAwMDAwMDAwMDAsImRlbGV0ZSI6MTIwMDAwMDAwMDAwMH0sInNjaGVtYV92ZXJzaW9uIjoiMSJ9",
          "dependencies": [
            "aws_vpc.main"
          ]
        }
      ]
    },
    {
      "mode": "managed",
      "type": "aws_subnet",
      "name": "subnet03",
      "provider": "provider[\"registry.terraform.io/hashicorp/aws\"]",
      "instances": [
        {
          "schema_version": 1,
          "attributes": {
            "arn": "arn:aws:ec2:ap-southeast-2:939867119026:subnet/subnet-0f6213f90bac10de5",
            "assign_ipv6_address_on_creation": false,
            "availability_zone": "ap-southeast-2b",
            "availability_zone_id": "apse2-az1",
            "cidr_block": "10.0.3.0/24",
            "id": "subnet-0f6213f90bac10de5",
            "ipv6_cidr_block": "",
            "ipv6_cidr_block_association_id": "",
            "map_public_ip_on_launch": false,
            "outpost_arn": "",
            "owner_id": "939867119026",
            "tags": {
              "Name": "subnet03"
            },
            "timeouts": null,
            "vpc_id": "vpc-049c0f116d8c58982"
          },
          "sensitive_attributes": [],
          "private": "eyJlMmJmYjczMC1lY2FhLTExZTYtOGY4OC0zNDM2M2JjN2M0YzAiOnsiY3JlYXRlIjo2MDAwMDAwMDAwMDAsImRlbGV0ZSI6MTIwMDAwMDAwMDAwMH0sInNjaGVtYV92ZXJzaW9uIjoiMSJ9",
          "dependencies": [
            "aws_vpc.main"
          ]
        }
      ]
    },
    {
      "mode": "managed",
      "type": "aws_vpc",
      "name": "main",
      "provider": "provider[\"registry.terraform.io/hashicorp/aws\"]",
      "instances": [
        {
          "schema_version": 1,
          "attributes": {
            "arn": "arn:aws:ec2:ap-southeast-2:939867119026:vpc/vpc-049c0f116d8c58982",
            "assign_generated_ipv6_cidr_block": false,
            "cidr_block": "10.0.0.0/16",
            "default_network_acl_id": "acl-08cbd2ead889cfbcc",
            "default_route_table_id": "rtb-059341db6654f4ac8",
            "default_security_group_id": "sg-00de7c3f4690d565c",
            "dhcp_options_id": "dopt-a52929c2",
            "enable_classiclink": false,
            "enable_classiclink_dns_support": false,
            "enable_dns_hostnames": true,
            "enable_dns_support": true,
            "id": "vpc-049c0f116d8c58982",
            "instance_tenancy": "default",
            "ipv6_association_id": "",
            "ipv6_cidr_block": "",
            "main_route_table_id": "rtb-059341db6654f4ac8",
            "owner_id": "939867119026",
            "tags": {
              "Name": "main"
            }
          },
          "sensitive_attributes": [],
          "private": "eyJzY2hlbWFfdmVyc2lvbiI6IjEifQ=="
        }
      ]
    }
  ]
}
